
Microsoft Visual Studio Solution File, Format Version 12.00
# Visual Studio 15
VisualStudioVersion = 15.0.27130.2027
MinimumVisualStudioVersion = 10.0.40219.1
Project("{9A19103F-16F7-4668-BE54-9A1E7A4F7556}") = "SlackHelper", "SlackHelper\SlackHelper.csproj", "{C03E6C3A-894D-469C-9528-7894920DD620}"
EndProject
Global
	GlobalSection(SolutionConfigurationPlatforms) = preSolution
		Debug|Any CPU = Debug|Any CPU
		Release|Any CPU = Release|Any CPU
	EndGlobalSection
	GlobalSection(ProjectConfigurationPlatforms) = postSolution
		{C03E6C3A-894D-469C-9528-7894920DD620}.Debug|Any CPU.ActiveCfg = Debug|Any CPU
		{C03E6C3A-894D-469C-9528-7894920DD620}.Debug|Any CPU.Build.0 = Debug|Any CPU
		{C03E6C3A-894D-469C-9528-7894920DD620}.Release|Any CPU.ActiveCfg = Release|Any CPU
		{C03E6C3A-894D-469C-9528-7894920DD620}.Release|Any CPU.Build.0 = Release|Any CPU
	EndGlobalSection
	GlobalSection(SolutionProperties) = preSolution
		HideSolutionNode = FALSE
	EndGlobalSection
	GlobalSection(ExtensibilityGlobals) = postSolution
		SolutionGuid = {F0992715-64F5-4EEE-9C66-EF8FCC3E4BAC}
	EndGlobalSection
EndGlobal
